
Microsoft Visual Studio Solution File, Format Version 12.00
# Visual Studio Version 16
VisualStudioVersion = 16.0.31205.134
MinimumVisualStudioVersion = 10.0.40219.1
Project("{FAE04EC0-301F-11D3-BF4B-00C04F79EFBC}") = "ChatAPI", "ChatAPI\ChatAPI.csproj", "{95589758-6134-4A96-8E56-445602C7CBB2}"
EndProject
Project("{FAE04EC0-301F-11D3-BF4B-00C04F79EFBC}") = "DataLayer", "DataLayer\DataLayer.csproj", "{9F7CD334-206A-42F3-80C3-EAF0AF5FDC2F}"
EndProject
Project("{FAE04EC0-301F-11D3-BF4B-00C04F79EFBC}") = "Services.Interfaces", "Services.Interfaces\Services.Interfaces.csproj", "{81A2237C-71ED-4CE4-994E-A1064DB48516}"
EndProject
Project("{FAE04EC0-301F-11D3-BF4B-00C04F79EFBC}") = "ViewModels", "ViewModels\ViewModels.csproj", "{8D7417B0-86E5-4BC5-8912-EE08CDD1D945}"
EndProject
Global
	GlobalSection(SolutionConfigurationPlatforms) = preSolution
		Debug|Any CPU = Debug|Any CPU
		Release|Any CPU = Release|Any CPU
	EndGlobalSection
	GlobalSection(ProjectConfigurationPlatforms) = postSolution
		{95589758-6134-4A96-8E56-445602C7CBB2}.Debug|Any CPU.ActiveCfg = Debug|Any CPU
		{95589758-6134-4A96-8E56-445602C7CBB2}.Debug|Any CPU.Build.0 = Debug|Any CPU
		{95589758-6134-4A96-8E56-445602C7CBB2}.Release|Any CPU.ActiveCfg = Release|Any CPU
		{95589758-6134-4A96-8E56-445602C7CBB2}.Release|Any CPU.Build.0 = Release|Any CPU
		{9F7CD334-206A-42F3-80C3-EAF0AF5FDC2F}.Debug|Any CPU.ActiveCfg = Debug|Any CPU
		{9F7CD334-206A-42F3-80C3-EAF0AF5FDC2F}.Debug|Any CPU.Build.0 = Debug|Any CPU
		{9F7CD334-206A-42F3-80C3-EAF0AF5FDC2F}.Release|Any CPU.ActiveCfg = Release|Any CPU
		{9F7CD334-206A-42F3-80C3-EAF0AF5FDC2F}.Release|Any CPU.Build.0 = Release|Any CPU
		{81A2237C-71ED-4CE4-994E-A1064DB48516}.Debug|Any CPU.ActiveCfg = Debug|Any CPU
		{81A2237C-71ED-4CE4-994E-A1064DB48516}.Debug|Any CPU.Build.0 = Debug|Any CPU
		{81A2237C-71ED-4CE4-994E-A1064DB48516}.Release|Any CPU.ActiveCfg = Release|Any CPU
		{81A2237C-71ED-4CE4-994E-A1064DB48516}.Release|Any CPU.Build.0 = Release|Any CPU
		{8D7417B0-86E5-4BC5-8912-EE08CDD1D945}.Debug|Any CPU.ActiveCfg = Debug|Any CPU
		{8D7417B0-86E5-4BC5-8912-EE08CDD1D945}.Debug|Any CPU.Build.0 = Debug|Any CPU
		{8D7417B0-86E5-4BC5-8912-EE08CDD1D945}.Release|Any CPU.ActiveCfg = Release|Any CPU
		{8D7417B0-86E5-4BC5-8912-EE08CDD1D945}.Release|Any CPU.Build.0 = Release|Any CPU
	EndGlobalSection
	GlobalSection(SolutionProperties) = preSolution
		HideSolutionNode = FALSE
	EndGlobalSection
	GlobalSection(ExtensibilityGlobals) = postSolution
		SolutionGuid = {C1A47281-0B11-4DB0-A61D-04213960019E}
	EndGlobalSection
EndGlobal
